# Generated by buf. DO NOT EDIT.
version: v2
deps:
  - name: buf.build/bannote/common-service
    commit: 6aeb93760a7d4631ae39ec9ed24ab3cd
    digest: b5:324de82901ec9f57c9025df8343cbe2fe2e7657388dd93c1d60316fb885b0c32a86d1069ebb12ae4e4844fdb541f7020ac989b764dbdbd95cfd3b910895bacab
  - name: buf.build/bannote/token-service
    commit: 2d229dc775984cc29c6298cd0645fa50
    digest: b5:587ced0bee14a70f56bc87a20048f7b6900513777c36e737f025637d99eb3f4ec28743551f22b268826a7f1f1d3656c709bdf126d8de5a19f202febe101653a6
  - name: buf.build/bannote/user-service
    commit: fb3c72c1ecfe44e49ebf76161d73fc21
    digest: b5:f1d5d20578ca818fb23acfda489d8a1fa685ff01a03b2566aa7588414e9775968a01b637c2c85881e5fed91bcd58dc580450adf0de7b50e8707ac7fa336b7934
  - name: buf.build/googleapis/googleapis
    commit: 72c8614f3bd0466ea67931ef2c43d608
    digest: b5:13efeea24e633fd45327390bdee941207a8727e96cf01affb84c1e4100fd8f48a42bbd508df11930cd2884629bafad685df1ac3111bc78cdaefcd38c9371c6b1
