# Generated by buf. DO NOT EDIT.
version: v2
deps:
  - name: buf.build/bannote/token-service
    commit: 6fed2081674744918eed88641a25c409
    digest: b5:587ced0bee14a70f56bc87a20048f7b6900513777c36e737f025637d99eb3f4ec28743551f22b268826a7f1f1d3656c709bdf126d8de5a19f202febe101653a6
  - name: buf.build/bannote/user-service
    commit: 4ed4fc2e07dd43809fd8d3c7798326b6
    digest: b5:f1d5d20578ca818fb23acfda489d8a1fa685ff01a03b2566aa7588414e9775968a01b637c2c85881e5fed91bcd58dc580450adf0de7b50e8707ac7fa336b7934
